
Microsoft Visual Studio Solution File, Format Version 12.00
# Visual Studio Version 16
VisualStudioVersion = 16.0.32106.194
MinimumVisualStudioVersion = 10.0.40219.1
Project("{FAE04EC0-301F-11D3-BF4B-00C04F79EFBC}") = "ISIT310Final", "ISIT310Final\ISIT310Final.csproj", "{568FFA62-D890-45B4-99FF-62BE9469135D}"
EndProject
Global
	GlobalSection(SolutionConfigurationPlatforms) = preSolution
		Debug|Any CPU = Debug|Any CPU
		Release|Any CPU = Release|Any CPU
	EndGlobalSection
	GlobalSection(ProjectConfigurationPlatforms) = postSolution
		{568FFA62-D890-45B4-99FF-62BE9469135D}.Debug|Any CPU.ActiveCfg = Debug|Any CPU
		{568FFA62-D890-45B4-99FF-62BE9469135D}.Debug|Any CPU.Build.0 = Debug|Any CPU
		{568FFA62-D890-45B4-99FF-62BE9469135D}.Release|Any CPU.ActiveCfg = Release|Any CPU
		{568FFA62-D890-45B4-99FF-62BE9469135D}.Release|Any CPU.Build.0 = Release|Any CPU
	EndGlobalSection
	GlobalSection(SolutionProperties) = preSolution
		HideSolutionNode = FALSE
	EndGlobalSection
	GlobalSection(ExtensibilityGlobals) = postSolution
		SolutionGuid = {66B60165-D383-482B-9261-1A7F6CA2DCAB}
	EndGlobalSection
EndGlobal
